
Microsoft Visual Studio Solution File, Format Version 12.00
# Visual Studio Version 17
VisualStudioVersion = 17.2.32516.85
MinimumVisualStudioVersion = 10.0.40219.1
Project("{FAE04EC0-301F-11D3-BF4B-00C04F79EFBC}") = "MovieShopMVC", "MovieShopMVC\MovieShopMVC.csproj", "{1E4F0914-0F17-4530-A6D4-E6D25F20F384}"
EndProject
Project("{2150E333-8FDC-42A3-9474-1A3956D46DE8}") = "Solution Items", "Solution Items", "{A56874F5-4B59-47D2-828E-384BB0EB6240}"
	ProjectSection(SolutionItems) = preProject
		Notes.txt = Notes.txt
	EndProjectSection
EndProject
Project("{FAE04EC0-301F-11D3-BF4B-00C04F79EFBC}") = "ApplicationCore", "ApplicationCore\ApplicationCore.csproj", "{F99E9C7B-63AF-49D2-A492-5282835C6598}"
EndProject
Project("{FAE04EC0-301F-11D3-BF4B-00C04F79EFBC}") = "Infrastructure", "Infrastructure\Infrastructure.csproj", "{1283F5FE-24E9-479C-B993-54DC7E93ABA2}"
EndProject
Global
	GlobalSection(SolutionConfigurationPlatforms) = preSolution
		Debug|Any CPU = Debug|Any CPU
		Release|Any CPU = Release|Any CPU
	EndGlobalSection
	GlobalSection(ProjectConfigurationPlatforms) = postSolution
		{1E4F0914-0F17-4530-A6D4-E6D25F20F384}.Debug|Any CPU.ActiveCfg = Debug|Any CPU
		{1E4F0914-0F17-4530-A6D4-E6D25F20F384}.Debug|Any CPU.Build.0 = Debug|Any CPU
		{1E4F0914-0F17-4530-A6D4-E6D25F20F384}.Release|Any CPU.ActiveCfg = Release|Any CPU
		{1E4F0914-0F17-4530-A6D4-E6D25F20F384}.Release|Any CPU.Build.0 = Release|Any CPU
		{F99E9C7B-63AF-49D2-A492-5282835C6598}.Debug|Any CPU.ActiveCfg = Debug|Any CPU
		{F99E9C7B-63AF-49D2-A492-5282835C6598}.Debug|Any CPU.Build.0 = Debug|Any CPU
		{F99E9C7B-63AF-49D2-A492-5282835C6598}.Release|Any CPU.ActiveCfg = Release|Any CPU
		{F99E9C7B-63AF-49D2-A492-5282835C6598}.Release|Any CPU.Build.0 = Release|Any CPU
		{1283F5FE-24E9-479C-B993-54DC7E93ABA2}.Debug|Any CPU.ActiveCfg = Debug|Any CPU
		{1283F5FE-24E9-479C-B993-54DC7E93ABA2}.Debug|Any CPU.Build.0 = Debug|Any CPU
		{1283F5FE-24E9-479C-B993-54DC7E93ABA2}.Release|Any CPU.ActiveCfg = Release|Any CPU
		{1283F5FE-24E9-479C-B993-54DC7E93ABA2}.Release|Any CPU.Build.0 = Release|Any CPU
	EndGlobalSection
	GlobalSection(SolutionProperties) = preSolution
		HideSolutionNode = FALSE
	EndGlobalSection
	GlobalSection(ExtensibilityGlobals) = postSolution
		SolutionGuid = {DA4866DF-E44E-4B25-B9FF-E9325C1FC3D9}
	EndGlobalSection
EndGlobal
