
Microsoft Visual Studio Solution File, Format Version 12.00
# Visual Studio Version 16
VisualStudioVersion = 25.0.1703.0
MinimumVisualStudioVersion = 10.0.40219.1
Project("{FAE04EC0-301F-11D3-BF4B-00C04F79EFBC}") = "MovieShop", "MovieShop\MovieShop.csproj", "{81742092-A841-4942-BB15-879A82CD0C0E}"
EndProject
Global
	GlobalSection(SolutionConfigurationPlatforms) = preSolution
		Debug|Any CPU = Debug|Any CPU
		Release|Any CPU = Release|Any CPU
	EndGlobalSection
	GlobalSection(ProjectConfigurationPlatforms) = postSolution
		{81742092-A841-4942-BB15-879A82CD0C0E}.Debug|Any CPU.ActiveCfg = Debug|Any CPU
		{81742092-A841-4942-BB15-879A82CD0C0E}.Debug|Any CPU.Build.0 = Debug|Any CPU
		{81742092-A841-4942-BB15-879A82CD0C0E}.Release|Any CPU.ActiveCfg = Release|Any CPU
		{81742092-A841-4942-BB15-879A82CD0C0E}.Release|Any CPU.Build.0 = Release|Any CPU
	EndGlobalSection
	GlobalSection(SolutionProperties) = preSolution
		HideSolutionNode = FALSE
	EndGlobalSection
	GlobalSection(ExtensibilityGlobals) = postSolution
		SolutionGuid = {2B91EA9C-6BB7-4A1F-8AD6-C6562D9C00A0}
	EndGlobalSection
EndGlobal
